
Microsoft Visual Studio Solution File, Format Version 12.00
# Visual Studio Version 17
VisualStudioVersion = 17.1.32407.343
MinimumVisualStudioVersion = 10.0.40219.1
Project("{FAE04EC0-301F-11D3-BF4B-00C04F79EFBC}") = "EmployeeWage.cs", "EmployeeWage.cs\EmployeeWage.cs.csproj", "{835D3EA4-FCCE-46F7-8A3E-35849C69C84C}"
EndProject
Global
	GlobalSection(SolutionConfigurationPlatforms) = preSolution
		Debug|Any CPU = Debug|Any CPU
		Release|Any CPU = Release|Any CPU
	EndGlobalSection
	GlobalSection(ProjectConfigurationPlatforms) = postSolution
		{835D3EA4-FCCE-46F7-8A3E-35849C69C84C}.Debug|Any CPU.ActiveCfg = Debug|Any CPU
		{835D3EA4-FCCE-46F7-8A3E-35849C69C84C}.Debug|Any CPU.Build.0 = Debug|Any CPU
		{835D3EA4-FCCE-46F7-8A3E-35849C69C84C}.Release|Any CPU.ActiveCfg = Release|Any CPU
		{835D3EA4-FCCE-46F7-8A3E-35849C69C84C}.Release|Any CPU.Build.0 = Release|Any CPU
	EndGlobalSection
	GlobalSection(SolutionProperties) = preSolution
		HideSolutionNode = FALSE
	EndGlobalSection
	GlobalSection(ExtensibilityGlobals) = postSolution
		SolutionGuid = {BDCFFFC9-97AD-4479-A021-6AAD32F44AD7}
	EndGlobalSection
EndGlobal
